<?xml version="1.0" encoding="UTF-8" standalone="yes" ?>
<CodeBlocks_project_file>
	<FileVersion major="1" minor="6" />
	<Project>
		<Option title="Compiler" />
		<Option pch_mode="2" />
		<Option compiler="clang" />
		<Build>
			<Target title="Debug">
				<Option output="bin/Debug/Compiler" prefix_auto="1" extension_auto="1" />
				<Option object_output="obj/Debug/" />
				<Option type="1" />
				<Option compiler="clang" />
				<Compiler>
					<Add option="-g" />
					<Add directory="src/lex/" />
					<Add directory="src/Parser" />
					<Add directory="include" />
				</Compiler>
			</Target>
			<Target title="Release">
				<Option output="bin/Release/Compiler" prefix_auto="1" extension_auto="1" />
				<Option object_output="obj/Release/" />
				<Option type="1" />
				<Option compiler="clang" />
				<Compiler>
					<Add option="-O2" />
					<Add directory="src/lex/" />
					<Add directory="src/Parser" />
					<Add directory="include" />
				</Compiler>
				<Linker>
					<Add option="-s" />
				</Linker>
			</Target>
		</Build>
		<Compiler>
			<Add option="-Weverything" />
		</Compiler>
		<Unit filename="src/Parser/AST.cpp" />
		<Unit filename="src/Parser/AST.hpp" />
		<Unit filename="src/Parser/FindComment.cpp" />
		<Unit filename="src/Parser/FindComment.hpp" />
		<Unit filename="src/Parser/FindIdentifier.cpp" />
		<Unit filename="src/Parser/FindIdentifier.hpp" />
		<Unit filename="src/Parser/FindString.cpp" />
		<Unit filename="src/Parser/FindString.hpp" />
		<Unit filename="src/Parser/FindToken.cpp" />
		<Unit filename="src/Parser/FindToken.hpp" />
		<Unit filename="src/Parser/Lex.cpp" />
		<Unit filename="src/Parser/Lex.hpp" />
		<Unit filename="src/Parser/Tokens.cpp" />
		<Unit filename="src/Parser/Tokens.hpp" />
		<Unit filename="src/main.cpp" />
		<Extensions />
	</Project>
</CodeBlocks_project_file>
